
Microsoft Visual Studio Solution File, Format Version 12.00
# Visual Studio 15
Project("{FAE04EC0-301F-11D3-BF4B-00C04F79EFBC}") = "Abstraction", "Abstraction\Abstraction.csproj", "{89248B9D-6ACE-4EE9-A0AE-A22C279F505F}"
EndProject
Global
	GlobalSection(SolutionConfigurationPlatforms) = preSolution
		Debug|anycpu = Debug|anycpu
		Release|anycpu = Release|anycpu
	EndGlobalSection
	GlobalSection(ProjectConfigurationPlatforms) = postSolution
		{89248B9D-6ACE-4EE9-A0AE-A22C279F505F}.Debug|anycpu.ActiveCfg = Debug|anycpu
		{89248B9D-6ACE-4EE9-A0AE-A22C279F505F}.Debug|anycpu.Build.0 = Debug|anycpu
		{89248B9D-6ACE-4EE9-A0AE-A22C279F505F}.Release|anycpu.ActiveCfg = Release|anycpu
		{89248B9D-6ACE-4EE9-A0AE-A22C279F505F}.Release|anycpu.Build.0 = Release|anycpu
	EndGlobalSection
EndGlobal
