
Microsoft Visual Studio Solution File, Format Version 12.00
# Visual Studio Version 16
VisualStudioVersion = 16.0.29613.14
MinimumVisualStudioVersion = 10.0.40219.1
Project("{FAE04EC0-301F-11D3-BF4B-00C04F79EFBC}") = "WinPrac1", "WinPrac1\WinPrac1.csproj", "{00DBE7C5-886A-4881-916B-31B667BFFAD4}"
EndProject
Global
	GlobalSection(SolutionConfigurationPlatforms) = preSolution
		Debug|Any CPU = Debug|Any CPU
		Release|Any CPU = Release|Any CPU
	EndGlobalSection
	GlobalSection(ProjectConfigurationPlatforms) = postSolution
		{00DBE7C5-886A-4881-916B-31B667BFFAD4}.Debug|Any CPU.ActiveCfg = Debug|Any CPU
		{00DBE7C5-886A-4881-916B-31B667BFFAD4}.Debug|Any CPU.Build.0 = Debug|Any CPU
		{00DBE7C5-886A-4881-916B-31B667BFFAD4}.Release|Any CPU.ActiveCfg = Release|Any CPU
		{00DBE7C5-886A-4881-916B-31B667BFFAD4}.Release|Any CPU.Build.0 = Release|Any CPU
	EndGlobalSection
	GlobalSection(SolutionProperties) = preSolution
		HideSolutionNode = FALSE
	EndGlobalSection
	GlobalSection(ExtensibilityGlobals) = postSolution
		SolutionGuid = {501F4983-DF6A-443F-9026-EA45A73C71A6}
	EndGlobalSection
EndGlobal
