
Microsoft Visual Studio Solution File, Format Version 12.00
# Visual Studio Version 16
VisualStudioVersion = 16.0.29519.87
MinimumVisualStudioVersion = 10.0.40219.1
Project("{FAE04EC0-301F-11D3-BF4B-00C04F79EFBC}") = "ActionDelegates", "ActionDelegates\ActionDelegates.csproj", "{DEFB90A2-AAB1-4EA3-A78A-9C3C51F5BC44}"
EndProject
Global
	GlobalSection(SolutionConfigurationPlatforms) = preSolution
		Debug|Any CPU = Debug|Any CPU
		Release|Any CPU = Release|Any CPU
	EndGlobalSection
	GlobalSection(ProjectConfigurationPlatforms) = postSolution
		{DEFB90A2-AAB1-4EA3-A78A-9C3C51F5BC44}.Debug|Any CPU.ActiveCfg = Debug|Any CPU
		{DEFB90A2-AAB1-4EA3-A78A-9C3C51F5BC44}.Debug|Any CPU.Build.0 = Debug|Any CPU
		{DEFB90A2-AAB1-4EA3-A78A-9C3C51F5BC44}.Release|Any CPU.ActiveCfg = Release|Any CPU
		{DEFB90A2-AAB1-4EA3-A78A-9C3C51F5BC44}.Release|Any CPU.Build.0 = Release|Any CPU
	EndGlobalSection
	GlobalSection(SolutionProperties) = preSolution
		HideSolutionNode = FALSE
	EndGlobalSection
	GlobalSection(ExtensibilityGlobals) = postSolution
		SolutionGuid = {12121EA1-390B-4793-A8E4-AD51408AF7D8}
	EndGlobalSection
EndGlobal
