
Microsoft Visual Studio Solution File, Format Version 12.00
# Visual Studio Version 16
VisualStudioVersion = 16.0.29613.14
MinimumVisualStudioVersion = 10.0.40219.1
Project("{FAE04EC0-301F-11D3-BF4B-00C04F79EFBC}") = "DBConnection", "DBConnection\DBConnection.csproj", "{92D4587D-219E-48D5-AE04-1FE627A3E08E}"
EndProject
Global
	GlobalSection(SolutionConfigurationPlatforms) = preSolution
		Debug|Any CPU = Debug|Any CPU
		Release|Any CPU = Release|Any CPU
	EndGlobalSection
	GlobalSection(ProjectConfigurationPlatforms) = postSolution
		{92D4587D-219E-48D5-AE04-1FE627A3E08E}.Debug|Any CPU.ActiveCfg = Debug|Any CPU
		{92D4587D-219E-48D5-AE04-1FE627A3E08E}.Debug|Any CPU.Build.0 = Debug|Any CPU
		{92D4587D-219E-48D5-AE04-1FE627A3E08E}.Release|Any CPU.ActiveCfg = Release|Any CPU
		{92D4587D-219E-48D5-AE04-1FE627A3E08E}.Release|Any CPU.Build.0 = Release|Any CPU
	EndGlobalSection
	GlobalSection(SolutionProperties) = preSolution
		HideSolutionNode = FALSE
	EndGlobalSection
	GlobalSection(ExtensibilityGlobals) = postSolution
		SolutionGuid = {2FAAEF50-26A0-4926-A444-D53354BCA778}
	EndGlobalSection
EndGlobal
