
Microsoft Visual Studio Solution File, Format Version 12.00
# Visual Studio Version 16
VisualStudioVersion = 16.0.29613.14
MinimumVisualStudioVersion = 10.0.40219.1
Project("{FAE04EC0-301F-11D3-BF4B-00C04F79EFBC}") = "MulticastingDelegates", "MulticastingDelegates.csproj", "{78536CA5-3A04-491B-B6F1-EB0CCEF9DABA}"
EndProject
Global
	GlobalSection(SolutionConfigurationPlatforms) = preSolution
		Debug|Any CPU = Debug|Any CPU
		Release|Any CPU = Release|Any CPU
	EndGlobalSection
	GlobalSection(ProjectConfigurationPlatforms) = postSolution
		{78536CA5-3A04-491B-B6F1-EB0CCEF9DABA}.Debug|Any CPU.ActiveCfg = Debug|Any CPU
		{78536CA5-3A04-491B-B6F1-EB0CCEF9DABA}.Debug|Any CPU.Build.0 = Debug|Any CPU
		{78536CA5-3A04-491B-B6F1-EB0CCEF9DABA}.Release|Any CPU.ActiveCfg = Release|Any CPU
		{78536CA5-3A04-491B-B6F1-EB0CCEF9DABA}.Release|Any CPU.Build.0 = Release|Any CPU
	EndGlobalSection
	GlobalSection(SolutionProperties) = preSolution
		HideSolutionNode = FALSE
	EndGlobalSection
	GlobalSection(ExtensibilityGlobals) = postSolution
		SolutionGuid = {53058D8F-9C26-4416-99AD-17986D0E55A0}
	EndGlobalSection
EndGlobal
