
Microsoft Visual Studio Solution File, Format Version 12.00
# Visual Studio Version 16
VisualStudioVersion = 16.0.29613.14
MinimumVisualStudioVersion = 10.0.40219.1
Project("{FAE04EC0-301F-11D3-BF4B-00C04F79EFBC}") = "Encapsulation", "Encapsulation.csproj", "{83435C8F-2EC3-433B-A93D-1B0959775F2A}"
EndProject
Global
	GlobalSection(SolutionConfigurationPlatforms) = preSolution
		Debug|Any CPU = Debug|Any CPU
		Release|Any CPU = Release|Any CPU
	EndGlobalSection
	GlobalSection(ProjectConfigurationPlatforms) = postSolution
		{83435C8F-2EC3-433B-A93D-1B0959775F2A}.Debug|Any CPU.ActiveCfg = Debug|Any CPU
		{83435C8F-2EC3-433B-A93D-1B0959775F2A}.Debug|Any CPU.Build.0 = Debug|Any CPU
		{83435C8F-2EC3-433B-A93D-1B0959775F2A}.Release|Any CPU.ActiveCfg = Release|Any CPU
		{83435C8F-2EC3-433B-A93D-1B0959775F2A}.Release|Any CPU.Build.0 = Release|Any CPU
	EndGlobalSection
	GlobalSection(SolutionProperties) = preSolution
		HideSolutionNode = FALSE
	EndGlobalSection
	GlobalSection(ExtensibilityGlobals) = postSolution
		SolutionGuid = {47EA1A12-0018-438F-91A1-91F80D828307}
	EndGlobalSection
EndGlobal
