
Microsoft Visual Studio Solution File, Format Version 12.00
# Visual Studio Version 16
VisualStudioVersion = 16.0.29613.14
MinimumVisualStudioVersion = 10.0.40219.1
Project("{FAE04EC0-301F-11D3-BF4B-00C04F79EFBC}") = "WritingFiles", "WritingFiles\WritingFiles.csproj", "{81048D45-3E4E-4E88-B39C-5E4ECBB95066}"
EndProject
Global
	GlobalSection(SolutionConfigurationPlatforms) = preSolution
		Debug|Any CPU = Debug|Any CPU
		Release|Any CPU = Release|Any CPU
	EndGlobalSection
	GlobalSection(ProjectConfigurationPlatforms) = postSolution
		{81048D45-3E4E-4E88-B39C-5E4ECBB95066}.Debug|Any CPU.ActiveCfg = Debug|Any CPU
		{81048D45-3E4E-4E88-B39C-5E4ECBB95066}.Debug|Any CPU.Build.0 = Debug|Any CPU
		{81048D45-3E4E-4E88-B39C-5E4ECBB95066}.Release|Any CPU.ActiveCfg = Release|Any CPU
		{81048D45-3E4E-4E88-B39C-5E4ECBB95066}.Release|Any CPU.Build.0 = Release|Any CPU
	EndGlobalSection
	GlobalSection(SolutionProperties) = preSolution
		HideSolutionNode = FALSE
	EndGlobalSection
	GlobalSection(ExtensibilityGlobals) = postSolution
		SolutionGuid = {C9DF5542-DB9F-4E4B-8086-EB6243FA90B8}
	EndGlobalSection
EndGlobal
