
Microsoft Visual Studio Solution File, Format Version 12.00
# Visual Studio Version 16
VisualStudioVersion = 16.0.29519.87
MinimumVisualStudioVersion = 10.0.40219.1
Project("{FAE04EC0-301F-11D3-BF4B-00C04F79EFBC}") = "DBConnection", "DBConnection\DBConnection.csproj", "{359CD74A-6502-4230-AE5B-D09DD2502952}"
EndProject
Global
	GlobalSection(SolutionConfigurationPlatforms) = preSolution
		Debug|Any CPU = Debug|Any CPU
		Release|Any CPU = Release|Any CPU
	EndGlobalSection
	GlobalSection(ProjectConfigurationPlatforms) = postSolution
		{359CD74A-6502-4230-AE5B-D09DD2502952}.Debug|Any CPU.ActiveCfg = Debug|Any CPU
		{359CD74A-6502-4230-AE5B-D09DD2502952}.Debug|Any CPU.Build.0 = Debug|Any CPU
		{359CD74A-6502-4230-AE5B-D09DD2502952}.Release|Any CPU.ActiveCfg = Release|Any CPU
		{359CD74A-6502-4230-AE5B-D09DD2502952}.Release|Any CPU.Build.0 = Release|Any CPU
	EndGlobalSection
	GlobalSection(SolutionProperties) = preSolution
		HideSolutionNode = FALSE
	EndGlobalSection
	GlobalSection(ExtensibilityGlobals) = postSolution
		SolutionGuid = {E9A8BF10-38B3-429E-AEC8-9DDE4D97E4D3}
	EndGlobalSection
EndGlobal
