
Microsoft Visual Studio Solution File, Format Version 12.00
# Visual Studio Version 16
VisualStudioVersion = 16.0.29806.167
MinimumVisualStudioVersion = 10.0.40219.1
Project("{FAE04EC0-301F-11D3-BF4B-00C04F79EFBC}") = "FromValidation", "FromValidation.csproj", "{5941FE87-5717-4EDD-A748-77413E318059}"
EndProject
Global
	GlobalSection(SolutionConfigurationPlatforms) = preSolution
		Debug|Any CPU = Debug|Any CPU
		Release|Any CPU = Release|Any CPU
	EndGlobalSection
	GlobalSection(ProjectConfigurationPlatforms) = postSolution
		{5941FE87-5717-4EDD-A748-77413E318059}.Debug|Any CPU.ActiveCfg = Debug|Any CPU
		{5941FE87-5717-4EDD-A748-77413E318059}.Debug|Any CPU.Build.0 = Debug|Any CPU
		{5941FE87-5717-4EDD-A748-77413E318059}.Release|Any CPU.ActiveCfg = Release|Any CPU
		{5941FE87-5717-4EDD-A748-77413E318059}.Release|Any CPU.Build.0 = Release|Any CPU
	EndGlobalSection
	GlobalSection(SolutionProperties) = preSolution
		HideSolutionNode = FALSE
	EndGlobalSection
	GlobalSection(ExtensibilityGlobals) = postSolution
		SolutionGuid = {9A18AEB9-3B96-4529-926F-AA790DC798B2}
	EndGlobalSection
EndGlobal
