
Microsoft Visual Studio Solution File, Format Version 12.00
# Visual Studio Version 16
VisualStudioVersion = 16.0.29613.14
MinimumVisualStudioVersion = 10.0.40219.1
Project("{FAE04EC0-301F-11D3-BF4B-00C04F79EFBC}") = "ConsoleApp1", "ConsoleApp1\ConsoleApp1.csproj", "{471446A0-0344-42CB-BBA0-B10D8284A455}"
EndProject
Global
	GlobalSection(SolutionConfigurationPlatforms) = preSolution
		Debug|Any CPU = Debug|Any CPU
		Release|Any CPU = Release|Any CPU
	EndGlobalSection
	GlobalSection(ProjectConfigurationPlatforms) = postSolution
		{471446A0-0344-42CB-BBA0-B10D8284A455}.Debug|Any CPU.ActiveCfg = Debug|Any CPU
		{471446A0-0344-42CB-BBA0-B10D8284A455}.Debug|Any CPU.Build.0 = Debug|Any CPU
		{471446A0-0344-42CB-BBA0-B10D8284A455}.Release|Any CPU.ActiveCfg = Release|Any CPU
		{471446A0-0344-42CB-BBA0-B10D8284A455}.Release|Any CPU.Build.0 = Release|Any CPU
	EndGlobalSection
	GlobalSection(SolutionProperties) = preSolution
		HideSolutionNode = FALSE
	EndGlobalSection
	GlobalSection(ExtensibilityGlobals) = postSolution
		SolutionGuid = {07078C0B-DA9B-48D7-8C6A-DCD250211A5F}
	EndGlobalSection
EndGlobal
