
Microsoft Visual Studio Solution File, Format Version 12.00
# Visual Studio Version 16
VisualStudioVersion = 16.0.29709.97
MinimumVisualStudioVersion = 10.0.40219.1
Project("{FAE04EC0-301F-11D3-BF4B-00C04F79EFBC}") = "AminElhamiPE04", "AminElhamiPE04\AminElhamiPE04.csproj", "{07DAADF7-EDB9-4723-A32F-D2BD7A71875F}"
EndProject
Global
	GlobalSection(SolutionConfigurationPlatforms) = preSolution
		Debug|Any CPU = Debug|Any CPU
		Release|Any CPU = Release|Any CPU
	EndGlobalSection
	GlobalSection(ProjectConfigurationPlatforms) = postSolution
		{07DAADF7-EDB9-4723-A32F-D2BD7A71875F}.Debug|Any CPU.ActiveCfg = Debug|Any CPU
		{07DAADF7-EDB9-4723-A32F-D2BD7A71875F}.Debug|Any CPU.Build.0 = Debug|Any CPU
		{07DAADF7-EDB9-4723-A32F-D2BD7A71875F}.Release|Any CPU.ActiveCfg = Release|Any CPU
		{07DAADF7-EDB9-4723-A32F-D2BD7A71875F}.Release|Any CPU.Build.0 = Release|Any CPU
	EndGlobalSection
	GlobalSection(SolutionProperties) = preSolution
		HideSolutionNode = FALSE
	EndGlobalSection
	GlobalSection(ExtensibilityGlobals) = postSolution
		SolutionGuid = {66FB1BAD-EB94-48FB-B149-EF290170FB44}
	EndGlobalSection
EndGlobal
