
Microsoft Visual Studio Solution File, Format Version 12.00
# Visual Studio Version 16
VisualStudioVersion = 16.0.29613.14
MinimumVisualStudioVersion = 10.0.40219.1
Project("{FAE04EC0-301F-11D3-BF4B-00C04F79EFBC}") = "PE01", "PE01\PE01.csproj", "{535CDF4E-3809-48B3-BBA4-9BCD33CA98EB}"
EndProject
Global
	GlobalSection(SolutionConfigurationPlatforms) = preSolution
		Debug|Any CPU = Debug|Any CPU
		Release|Any CPU = Release|Any CPU
	EndGlobalSection
	GlobalSection(ProjectConfigurationPlatforms) = postSolution
		{535CDF4E-3809-48B3-BBA4-9BCD33CA98EB}.Debug|Any CPU.ActiveCfg = Debug|Any CPU
		{535CDF4E-3809-48B3-BBA4-9BCD33CA98EB}.Debug|Any CPU.Build.0 = Debug|Any CPU
		{535CDF4E-3809-48B3-BBA4-9BCD33CA98EB}.Release|Any CPU.ActiveCfg = Release|Any CPU
		{535CDF4E-3809-48B3-BBA4-9BCD33CA98EB}.Release|Any CPU.Build.0 = Release|Any CPU
	EndGlobalSection
	GlobalSection(SolutionProperties) = preSolution
		HideSolutionNode = FALSE
	EndGlobalSection
	GlobalSection(ExtensibilityGlobals) = postSolution
		SolutionGuid = {8B23E985-F87C-4BE2-A482-353C402ADADC}
	EndGlobalSection
EndGlobal
