
Microsoft Visual Studio Solution File, Format Version 12.00
# Visual Studio 15
Project("{FAE04EC0-301F-11D3-BF4B-00C04F79EFBC}") = "Encapsulation", "Encapsulation\Encapsulation.csproj", "{0019A906-E8B2-4737-A82D-96CAF61664DD}"
EndProject
Global
	GlobalSection(SolutionConfigurationPlatforms) = preSolution
		Debug|anycpu = Debug|anycpu
		Release|anycpu = Release|anycpu
	EndGlobalSection
	GlobalSection(ProjectConfigurationPlatforms) = postSolution
		{0019A906-E8B2-4737-A82D-96CAF61664DD}.Debug|anycpu.ActiveCfg = Debug|anycpu
		{0019A906-E8B2-4737-A82D-96CAF61664DD}.Debug|anycpu.Build.0 = Debug|anycpu
		{0019A906-E8B2-4737-A82D-96CAF61664DD}.Release|anycpu.ActiveCfg = Release|anycpu
		{0019A906-E8B2-4737-A82D-96CAF61664DD}.Release|anycpu.Build.0 = Release|anycpu
	EndGlobalSection
EndGlobal
