
Microsoft Visual Studio Solution File, Format Version 12.00
# Visual Studio Version 16
VisualStudioVersion = 16.0.29709.97
MinimumVisualStudioVersion = 10.0.40219.1
Project("{FAE04EC0-301F-11D3-BF4B-00C04F79EFBC}") = "MyFirstWebApp", "MyFirstWebApp\MyFirstWebApp.csproj", "{A1493CCD-A27D-4FF4-BCBB-7F0B69A2672D}"
EndProject
Global
	GlobalSection(SolutionConfigurationPlatforms) = preSolution
		Debug|Any CPU = Debug|Any CPU
		Release|Any CPU = Release|Any CPU
	EndGlobalSection
	GlobalSection(ProjectConfigurationPlatforms) = postSolution
		{A1493CCD-A27D-4FF4-BCBB-7F0B69A2672D}.Debug|Any CPU.ActiveCfg = Debug|Any CPU
		{A1493CCD-A27D-4FF4-BCBB-7F0B69A2672D}.Debug|Any CPU.Build.0 = Debug|Any CPU
		{A1493CCD-A27D-4FF4-BCBB-7F0B69A2672D}.Release|Any CPU.ActiveCfg = Release|Any CPU
		{A1493CCD-A27D-4FF4-BCBB-7F0B69A2672D}.Release|Any CPU.Build.0 = Release|Any CPU
	EndGlobalSection
	GlobalSection(SolutionProperties) = preSolution
		HideSolutionNode = FALSE
	EndGlobalSection
	GlobalSection(ExtensibilityGlobals) = postSolution
		SolutionGuid = {DE6D4CF3-1901-4719-BCE2-6B01CDFB6FAB}
	EndGlobalSection
EndGlobal
