
Microsoft Visual Studio Solution File, Format Version 12.00
# Visual Studio Version 16
VisualStudioVersion = 16.0.29709.97
MinimumVisualStudioVersion = 10.0.40219.1
Project("{FAE04EC0-301F-11D3-BF4B-00C04F79EFBC}") = "DivideByZero", "DivideByZero\DivideByZero.csproj", "{129CCA67-6536-428D-94F5-F84D1EB99BB2}"
EndProject
Global
	GlobalSection(SolutionConfigurationPlatforms) = preSolution
		Debug|Any CPU = Debug|Any CPU
		Release|Any CPU = Release|Any CPU
	EndGlobalSection
	GlobalSection(ProjectConfigurationPlatforms) = postSolution
		{129CCA67-6536-428D-94F5-F84D1EB99BB2}.Debug|Any CPU.ActiveCfg = Debug|Any CPU
		{129CCA67-6536-428D-94F5-F84D1EB99BB2}.Debug|Any CPU.Build.0 = Debug|Any CPU
		{129CCA67-6536-428D-94F5-F84D1EB99BB2}.Release|Any CPU.ActiveCfg = Release|Any CPU
		{129CCA67-6536-428D-94F5-F84D1EB99BB2}.Release|Any CPU.Build.0 = Release|Any CPU
	EndGlobalSection
	GlobalSection(SolutionProperties) = preSolution
		HideSolutionNode = FALSE
	EndGlobalSection
	GlobalSection(ExtensibilityGlobals) = postSolution
		SolutionGuid = {2DEE6010-3A98-4DBA-B41B-C8472A4ED480}
	EndGlobalSection
EndGlobal
