
Microsoft Visual Studio Solution File, Format Version 12.00
# Visual Studio Version 16
VisualStudioVersion = 16.0.29613.14
MinimumVisualStudioVersion = 10.0.40219.1
Project("{FAE04EC0-301F-11D3-BF4B-00C04F79EFBC}") = "DivideByZero", "DivideByZero\DivideByZero.csproj", "{393D90DE-12CE-4017-90D5-1AEBDBAC234F}"
EndProject
Global
	GlobalSection(SolutionConfigurationPlatforms) = preSolution
		Debug|Any CPU = Debug|Any CPU
		Release|Any CPU = Release|Any CPU
	EndGlobalSection
	GlobalSection(ProjectConfigurationPlatforms) = postSolution
		{393D90DE-12CE-4017-90D5-1AEBDBAC234F}.Debug|Any CPU.ActiveCfg = Debug|Any CPU
		{393D90DE-12CE-4017-90D5-1AEBDBAC234F}.Debug|Any CPU.Build.0 = Debug|Any CPU
		{393D90DE-12CE-4017-90D5-1AEBDBAC234F}.Release|Any CPU.ActiveCfg = Release|Any CPU
		{393D90DE-12CE-4017-90D5-1AEBDBAC234F}.Release|Any CPU.Build.0 = Release|Any CPU
	EndGlobalSection
	GlobalSection(SolutionProperties) = preSolution
		HideSolutionNode = FALSE
	EndGlobalSection
	GlobalSection(ExtensibilityGlobals) = postSolution
		SolutionGuid = {25FE3610-3F4C-4B68-BDFD-201EDE0A3152}
	EndGlobalSection
EndGlobal
