
Microsoft Visual Studio Solution File, Format Version 12.00
# Visual Studio Version 16
VisualStudioVersion = 16.0.29709.97
MinimumVisualStudioVersion = 10.0.40219.1
Project("{FAE04EC0-301F-11D3-BF4B-00C04F79EFBC}") = "AminElhami-HOP10", "AminElhami-HOP10\AminElhami-HOP10.csproj", "{45E49211-E681-4F1D-919E-1D52770DF373}"
EndProject
Global
	GlobalSection(SolutionConfigurationPlatforms) = preSolution
		Debug|Any CPU = Debug|Any CPU
		Release|Any CPU = Release|Any CPU
	EndGlobalSection
	GlobalSection(ProjectConfigurationPlatforms) = postSolution
		{45E49211-E681-4F1D-919E-1D52770DF373}.Debug|Any CPU.ActiveCfg = Debug|Any CPU
		{45E49211-E681-4F1D-919E-1D52770DF373}.Debug|Any CPU.Build.0 = Debug|Any CPU
		{45E49211-E681-4F1D-919E-1D52770DF373}.Release|Any CPU.ActiveCfg = Release|Any CPU
		{45E49211-E681-4F1D-919E-1D52770DF373}.Release|Any CPU.Build.0 = Release|Any CPU
	EndGlobalSection
	GlobalSection(SolutionProperties) = preSolution
		HideSolutionNode = FALSE
	EndGlobalSection
	GlobalSection(ExtensibilityGlobals) = postSolution
		SolutionGuid = {595E72DE-2E93-46AD-B09D-DE1CCC072175}
	EndGlobalSection
EndGlobal
