
Microsoft Visual Studio Solution File, Format Version 12.00
# Visual Studio Version 16
VisualStudioVersion = 16.0.29709.97
MinimumVisualStudioVersion = 10.0.40219.1
Project("{FAE04EC0-301F-11D3-BF4B-00C04F79EFBC}") = "MulticastingDelegates", "MulticastingDelegates\MulticastingDelegates.csproj", "{676AE333-3E4B-464E-AAB4-E35963CE5EC1}"
EndProject
Global
	GlobalSection(SolutionConfigurationPlatforms) = preSolution
		Debug|Any CPU = Debug|Any CPU
		Release|Any CPU = Release|Any CPU
	EndGlobalSection
	GlobalSection(ProjectConfigurationPlatforms) = postSolution
		{676AE333-3E4B-464E-AAB4-E35963CE5EC1}.Debug|Any CPU.ActiveCfg = Debug|Any CPU
		{676AE333-3E4B-464E-AAB4-E35963CE5EC1}.Debug|Any CPU.Build.0 = Debug|Any CPU
		{676AE333-3E4B-464E-AAB4-E35963CE5EC1}.Release|Any CPU.ActiveCfg = Release|Any CPU
		{676AE333-3E4B-464E-AAB4-E35963CE5EC1}.Release|Any CPU.Build.0 = Release|Any CPU
	EndGlobalSection
	GlobalSection(SolutionProperties) = preSolution
		HideSolutionNode = FALSE
	EndGlobalSection
	GlobalSection(ExtensibilityGlobals) = postSolution
		SolutionGuid = {F242342C-E99A-4C34-9C21-33FDFE79F6B2}
	EndGlobalSection
EndGlobal
