
Microsoft Visual Studio Solution File, Format Version 12.00
# Visual Studio Version 16
VisualStudioVersion = 16.0.29613.14
MinimumVisualStudioVersion = 10.0.40219.1
Project("{FAE04EC0-301F-11D3-BF4B-00C04F79EFBC}") = "PE02", "PE02\PE02.csproj", "{E87074FA-7529-4E7C-B940-87BF6D679239}"
EndProject
Global
	GlobalSection(SolutionConfigurationPlatforms) = preSolution
		Debug|Any CPU = Debug|Any CPU
		Release|Any CPU = Release|Any CPU
	EndGlobalSection
	GlobalSection(ProjectConfigurationPlatforms) = postSolution
		{E87074FA-7529-4E7C-B940-87BF6D679239}.Debug|Any CPU.ActiveCfg = Debug|Any CPU
		{E87074FA-7529-4E7C-B940-87BF6D679239}.Debug|Any CPU.Build.0 = Debug|Any CPU
		{E87074FA-7529-4E7C-B940-87BF6D679239}.Release|Any CPU.ActiveCfg = Release|Any CPU
		{E87074FA-7529-4E7C-B940-87BF6D679239}.Release|Any CPU.Build.0 = Release|Any CPU
	EndGlobalSection
	GlobalSection(SolutionProperties) = preSolution
		HideSolutionNode = FALSE
	EndGlobalSection
	GlobalSection(ExtensibilityGlobals) = postSolution
		SolutionGuid = {70A862F3-31C1-4CBA-84B9-0988042D3A06}
	EndGlobalSection
EndGlobal
