
Microsoft Visual Studio Solution File, Format Version 12.00
# Visual Studio Version 16
VisualStudioVersion = 16.0.29613.14
MinimumVisualStudioVersion = 10.0.40219.1
Project("{FAE04EC0-301F-11D3-BF4B-00C04F79EFBC}") = "Inheritance", "Inheritance.csproj", "{F433BCF6-4661-483A-B1ED-99888A725403}"
EndProject
Global
	GlobalSection(SolutionConfigurationPlatforms) = preSolution
		Debug|Any CPU = Debug|Any CPU
		Release|Any CPU = Release|Any CPU
	EndGlobalSection
	GlobalSection(ProjectConfigurationPlatforms) = postSolution
		{F433BCF6-4661-483A-B1ED-99888A725403}.Debug|Any CPU.ActiveCfg = Debug|Any CPU
		{F433BCF6-4661-483A-B1ED-99888A725403}.Debug|Any CPU.Build.0 = Debug|Any CPU
		{F433BCF6-4661-483A-B1ED-99888A725403}.Release|Any CPU.ActiveCfg = Release|Any CPU
		{F433BCF6-4661-483A-B1ED-99888A725403}.Release|Any CPU.Build.0 = Release|Any CPU
	EndGlobalSection
	GlobalSection(SolutionProperties) = preSolution
		HideSolutionNode = FALSE
	EndGlobalSection
	GlobalSection(ExtensibilityGlobals) = postSolution
		SolutionGuid = {569D8C8E-5901-4A6E-9BA1-0D5D66D36A92}
	EndGlobalSection
EndGlobal
