
Microsoft Visual Studio Solution File, Format Version 12.00
# Visual Studio Version 16
VisualStudioVersion = 16.0.29613.14
MinimumVisualStudioVersion = 10.0.40219.1
Project("{FAE04EC0-301F-11D3-BF4B-00C04F79EFBC}") = "Delegates", "Delegates.csproj", "{DE1FFF5E-A88D-4B48-BD1B-41A1EEB95305}"
EndProject
Global
	GlobalSection(SolutionConfigurationPlatforms) = preSolution
		Debug|Any CPU = Debug|Any CPU
		Release|Any CPU = Release|Any CPU
	EndGlobalSection
	GlobalSection(ProjectConfigurationPlatforms) = postSolution
		{DE1FFF5E-A88D-4B48-BD1B-41A1EEB95305}.Debug|Any CPU.ActiveCfg = Debug|Any CPU
		{DE1FFF5E-A88D-4B48-BD1B-41A1EEB95305}.Debug|Any CPU.Build.0 = Debug|Any CPU
		{DE1FFF5E-A88D-4B48-BD1B-41A1EEB95305}.Release|Any CPU.ActiveCfg = Release|Any CPU
		{DE1FFF5E-A88D-4B48-BD1B-41A1EEB95305}.Release|Any CPU.Build.0 = Release|Any CPU
	EndGlobalSection
	GlobalSection(SolutionProperties) = preSolution
		HideSolutionNode = FALSE
	EndGlobalSection
	GlobalSection(ExtensibilityGlobals) = postSolution
		SolutionGuid = {C838B7FD-E490-4CDD-93C0-33C61D41A180}
	EndGlobalSection
EndGlobal
