
Microsoft Visual Studio Solution File, Format Version 12.00
# Visual Studio Version 16
VisualStudioVersion = 16.0.29613.14
MinimumVisualStudioVersion = 10.0.40219.1
Project("{FAE04EC0-301F-11D3-BF4B-00C04F79EFBC}") = "UserDefinedException", "UserDefinedException.csproj", "{9DACA1F5-E0D1-4815-8DDF-8F75A97B950B}"
EndProject
Global
	GlobalSection(SolutionConfigurationPlatforms) = preSolution
		Debug|Any CPU = Debug|Any CPU
		Release|Any CPU = Release|Any CPU
	EndGlobalSection
	GlobalSection(ProjectConfigurationPlatforms) = postSolution
		{9DACA1F5-E0D1-4815-8DDF-8F75A97B950B}.Debug|Any CPU.ActiveCfg = Debug|Any CPU
		{9DACA1F5-E0D1-4815-8DDF-8F75A97B950B}.Debug|Any CPU.Build.0 = Debug|Any CPU
		{9DACA1F5-E0D1-4815-8DDF-8F75A97B950B}.Release|Any CPU.ActiveCfg = Release|Any CPU
		{9DACA1F5-E0D1-4815-8DDF-8F75A97B950B}.Release|Any CPU.Build.0 = Release|Any CPU
	EndGlobalSection
	GlobalSection(SolutionProperties) = preSolution
		HideSolutionNode = FALSE
	EndGlobalSection
	GlobalSection(ExtensibilityGlobals) = postSolution
		SolutionGuid = {A05EB49C-6CEB-46A6-B6F9-CA7D2ED35E63}
	EndGlobalSection
EndGlobal
